
Microsoft Visual Studio Solution File, Format Version 12.00
Project("{FAE04EC0-301F-11D3-BF4B-00C04F79EFBC}") = "Fonts.Avalonia.JetBrainsMono", "src/Fonts.Avalonia.JetBrainsMono/Fonts.Avalonia.JetBrainsMono.csproj", "{ECA6381B-7BBE-44DE-9450-13B5806CDBF9}"
EndProject
Project("{2150E333-8FDC-42A3-9474-1A3956D46DE8}") = "src", "src", "{5A5844C6-51EB-4366-923C-AC50DE7A300F}"
EndProject
Project("{2150E333-8FDC-42A3-9474-1A3956D46DE8}") = "Solution Items", "Solution Items", "{7086DAEA-90CD-46D3-9E68-D75DD19417F0}"
	ProjectSection(SolutionItems) = preProject
		.editorconfig = .editorconfig
		.gitignore = .gitignore
		src\Directory.Build.props = src\Directory.Build.props
		Directory.Packages.props = Directory.Packages.props
		LICENSE = LICENSE
		nuget.config = nuget.config
		README.md = README.md
	EndProjectSection
EndProject
Project("{2150E333-8FDC-42A3-9474-1A3956D46DE8}") = "samples", "samples", "{8C216B64-C7CE-487A-8C4B-B7298FCEB9BA}"
EndProject
Project("{FAE04EC0-301F-11D3-BF4B-00C04F79EFBC}") = "Fonts.Avalonia.Samples", "samples\Fonts.Avalonia.Samples\Fonts.Avalonia.Samples.csproj", "{1700143E-52DD-4B2C-8159-4B8B697B56A7}"
EndProject
Project("{FAE04EC0-301F-11D3-BF4B-00C04F79EFBC}") = "Fonts.Avalonia.Lato", "src\Fonts.Avalonia.Lato\Fonts.Avalonia.Lato.csproj", "{9287E67A-65DC-48FD-95E3-5E4D216E7104}"
EndProject
Global
	GlobalSection(SolutionConfigurationPlatforms) = preSolution
		Debug|Any CPU = Debug|Any CPU
		Release|Any CPU = Release|Any CPU
	EndGlobalSection
	GlobalSection(ProjectConfigurationPlatforms) = postSolution
		{ECA6381B-7BBE-44DE-9450-13B5806CDBF9}.Debug|Any CPU.ActiveCfg = Debug|Any CPU
		{ECA6381B-7BBE-44DE-9450-13B5806CDBF9}.Debug|Any CPU.Build.0 = Debug|Any CPU
		{ECA6381B-7BBE-44DE-9450-13B5806CDBF9}.Release|Any CPU.ActiveCfg = Release|Any CPU
		{ECA6381B-7BBE-44DE-9450-13B5806CDBF9}.Release|Any CPU.Build.0 = Release|Any CPU
		{1700143E-52DD-4B2C-8159-4B8B697B56A7}.Debug|Any CPU.ActiveCfg = Debug|Any CPU
		{1700143E-52DD-4B2C-8159-4B8B697B56A7}.Debug|Any CPU.Build.0 = Debug|Any CPU
		{1700143E-52DD-4B2C-8159-4B8B697B56A7}.Release|Any CPU.ActiveCfg = Release|Any CPU
		{1700143E-52DD-4B2C-8159-4B8B697B56A7}.Release|Any CPU.Build.0 = Release|Any CPU
		{9287E67A-65DC-48FD-95E3-5E4D216E7104}.Debug|Any CPU.ActiveCfg = Debug|Any CPU
		{9287E67A-65DC-48FD-95E3-5E4D216E7104}.Debug|Any CPU.Build.0 = Debug|Any CPU
		{9287E67A-65DC-48FD-95E3-5E4D216E7104}.Release|Any CPU.ActiveCfg = Release|Any CPU
		{9287E67A-65DC-48FD-95E3-5E4D216E7104}.Release|Any CPU.Build.0 = Release|Any CPU
	EndGlobalSection
	GlobalSection(NestedProjects) = preSolution
		{ECA6381B-7BBE-44DE-9450-13B5806CDBF9} = {5A5844C6-51EB-4366-923C-AC50DE7A300F}
		{1700143E-52DD-4B2C-8159-4B8B697B56A7} = {8C216B64-C7CE-487A-8C4B-B7298FCEB9BA}
		{9287E67A-65DC-48FD-95E3-5E4D216E7104} = {5A5844C6-51EB-4366-923C-AC50DE7A300F}
	EndGlobalSection
EndGlobal
